// !$*UTF8*$!
{
	archiveVersion = 1;
	classes = {
	};
	objectVersion = 46;
	objects = {

/* Begin PBXBuildFile section */
		7711CDF01A7E815C005851A0 /* AppDelegate.swift in Sources */ = {isa = PBXBuildFile; fileRef = 7711CDEF1A7E815C005851A0 /* AppDelegate.swift */; };
		7711CDF21A7E815C005851A0 /* ViewController.swift in Sources */ = {isa = PBXBuildFile; fileRef = 7711CDF11A7E815C005851A0 /* ViewController.swift */; };
		7711CDF51A7E815C005851A0 /* Main.storyboard in Resources */ = {isa = PBXBuildFile; fileRef = 7711CDF31A7E815C005851A0 /* Main.storyboard */; };
		7711CDF71A7E815C005851A0 /* Images.xcassets in Resources */ = {isa = PBXBuildFile; fileRef = 7711CDF61A7E815C005851A0 /* Images.xcassets */; };
		7711CDFA1A7E815C005851A0 /* LaunchScreen.xib in Resources */ = {isa = PBXBuildFile; fileRef = 7711CDF81A7E815C005851A0 /* LaunchScreen.xib */; };
		7711CE061A7E815C005851A0 /* WorldVisitorTests.swift in Sources */ = {isa = PBXBuildFile; fileRef = 7711CE051A7E815C005851A0 /* WorldVisitorTests.swift */; };
		77AE9CC21A86F62B00D2AC2F /* worldmap.jpg in Resources */ = {isa = PBXBuildFile; fileRef = 77AE9CC11A86F62B00D2AC2F /* worldmap.jpg */; };
		77AE9CC91A86FB2500D2AC2F /* dice1.png in Resources */ = {isa = PBXBuildFile; fileRef = 77AE9CC31A86FB2500D2AC2F /* dice1.png */; };
		77AE9CCA1A86FB2500D2AC2F /* dice2.png in Resources */ = {isa = PBXBuildFile; fileRef = 77AE9CC41A86FB2500D2AC2F /* dice2.png */; };
		77AE9CCB1A86FB2500D2AC2F /* dice3.png in Resources */ = {isa = PBXBuildFile; fileRef = 77AE9CC51A86FB2500D2AC2F /* dice3.png */; };
		77AE9CCC1A86FB2500D2AC2F /* dice4.png in Resources */ = {isa = PBXBuildFile; fileRef = 77AE9CC61A86FB2500D2AC2F /* dice4.png */; };
		77AE9CCD1A86FB2500D2AC2F /* dice5.png in Resources */ = {isa = PBXBuildFile; fileRef = 77AE9CC71A86FB2500D2AC2F /* dice5.png */; };
		77AE9CCE1A86FB2500D2AC2F /* dice6.png in Resources */ = {isa = PBXBuildFile; fileRef = 77AE9CC81A86FB2500D2AC2F /* dice6.png */; };
/* End PBXBuildFile section */

/* Begin PBXContainerItemProxy section */
		7711CE001A7E815C005851A0 /* PBXContainerItemProxy */ = {
			isa = PBXContainerItemProxy;
			containerPortal = 7711CDE21A7E815C005851A0 /* Project object */;
			proxyType = 1;
			remoteGlobalIDString = 7711CDE91A7E815C005851A0;
			remoteInfo = WorldVisitor;
		};
/* End PBXContainerItemProxy section */

/* Begin PBXFileReference section */
		7711CDEA1A7E815C005851A0 /* WorldVisitor.app */ = {isa = PBXFileReference; explicitFileType = wrapper.application; includeInIndex = 0; path = WorldVisitor.app; sourceTree = BUILT_PRODUCTS_DIR; };
		7711CDEE1A7E815C005851A0 /* Info.plist */ = {isa = PBXFileReference; lastKnownFileType = text.plist.xml; path = Info.plist; sourceTree = "<group>"; };
		7711CDEF1A7E815C005851A0 /* AppDelegate.swift */ = {isa = PBXFileReference; lastKnownFileType = sourcecode.swift; path = AppDelegate.swift; sourceTree = "<group>"; };
		7711CDF11A7E815C005851A0 /* ViewController.swift */ = {isa = PBXFileReference; lastKnownFileType = sourcecode.swift; path = ViewController.swift; sourceTree = "<group>"; };
		7711CDF41A7E815C005851A0 /* Base */ = {isa = PBXFileReference; lastKnownFileType = file.storyboard; name = Base; path = Base.lproj/Main.storyboard; sourceTree = "<group>"; };
		7711CDF61A7E815C005851A0 /* Images.xcassets */ = {isa = PBXFileReference; lastKnownFileType = folder.assetcatalog; path = Images.xcassets; sourceTree = "<group>"; };
		7711CDF91A7E815C005851A0 /* Base */ = {isa = PBXFileReference; lastKnownFileType = file.xib; name = Base; path = Base.lproj/LaunchScreen.xib; sourceTree = "<group>"; };
		7711CDFF1A7E815C005851A0 /* WorldVisitorTests.xctest */ = {isa = PBXFileReference; explicitFileType = wrapper.cfbundle; includeInIndex = 0; path = WorldVisitorTests.xctest; sourceTree = BUILT_PRODUCTS_DIR; };
		7711CE041A7E815C005851A0 /* Info.plist */ = {isa = PBXFileReference; lastKnownFileType = text.plist.xml; path = Info.plist; sourceTree = "<group>"; };
		7711CE051A7E815C005851A0 /* WorldVisitorTests.swift */ = {isa = PBXFileReference; lastKnownFileType = sourcecode.swift; path = WorldVisitorTests.swift; sourceTree = "<group>"; };
		77AE9CC11A86F62B00D2AC2F /* worldmap.jpg */ = {isa = PBXFileReference; lastKnownFileType = image.jpeg; path = worldmap.jpg; sourceTree = "<group>"; };
		77AE9CC31A86FB2500D2AC2F /* dice1.png */ = {isa = PBXFileReference; lastKnownFileType = image.png; path = dice1.png; sourceTree = "<group>"; };
		77AE9CC41A86FB2500D2AC2F /* dice2.png */ = {isa = PBXFileReference; lastKnownFileType = image.png; path = dice2.png; sourceTree = "<group>"; };
		77AE9CC51A86FB2500D2AC2F /* dice3.png */ = {isa = PBXFileReference; lastKnownFileType = image.png; path = dice3.png; sourceTree = "<group>"; };
		77AE9CC61A86FB2500D2AC2F /* dice4.png */ = {isa = PBXFileReference; lastKnownFileType = image.png; path = dice4.png; sourceTree = "<group>"; };
		77AE9CC71A86FB2500D2AC2F /* dice5.png */ = {isa = PBXFileReference; lastKnownFileType = image.png; path = dice5.png; sourceTree = "<group>"; };
		77AE9CC81A86FB2500D2AC2F /* dice6.png */ = {isa = PBXFileReference; lastKnownFileType = image.png; path = dice6.png; sourceTree = "<group>"; };
/* End PBXFileReference section */

/* Begin PBXFrameworksBuildPhase section */
		7711CDE71A7E815C005851A0 /* Frameworks */ = {
			isa = PBXFrameworksBuildPhase;
			buildActionMask = 2147483647;
			files = (
			);
			runOnlyForDeploymentPostprocessing = 0;
		};
		7711CDFC1A7E815C005851A0 /* Frameworks */ = {
			isa = PBXFrameworksBuildPhase;
			buildActionMask = 2147483647;
			files = (
			);
			runOnlyForDeploymentPostprocessing = 0;
		};
/* End PBXFrameworksBuildPhase section */

/* Begin PBXGroup section */
		7711CDE11A7E815C005851A0 = {
			isa = PBXGroup;
			children = (
				7711CDEC1A7E815C005851A0 /* WorldVisitor */,
				7711CE021A7E815C005851A0 /* WorldVisitorTests */,
				7711CDEB1A7E815C005851A0 /* Products */,
			);
			sourceTree = "<group>";
		};
		7711CDEB1A7E815C005851A0 /* Products */ = {
			isa = PBXGroup;
			children = (
				7711CDEA1A7E815C005851A0 /* WorldVisitor.app */,
				7711CDFF1A7E815C005851A0 /* WorldVisitorTests.xctest */,
			);
			name = Products;
			sourceTree = "<group>";
		};
		7711CDEC1A7E815C005851A0 /* WorldVisitor */ = {
			isa = PBXGroup;
			children = (
				7711CDEF1A7E815C005851A0 /* AppDelegate.swift */,
				7711CDF11A7E815C005851A0 /* ViewController.swift */,
				7711CDF31A7E815C005851A0 /* Main.storyboard */,
				7711CDF61A7E815C005851A0 /* Images.xcassets */,
				7711CDF81A7E815C005851A0 /* LaunchScreen.xib */,
				77AE9CC01A86F50D00D2AC2F /* images */,
				7711CDED1A7E815C005851A0 /* Supporting Files */,
			);
			path = WorldVisitor;
			sourceTree = "<group>";
		};
		7711CDED1A7E815C005851A0 /* Supporting Files */ = {
			isa = PBXGroup;
			children = (
				7711CDEE1A7E815C005851A0 /* Info.plist */,
			);
			name = "Supporting Files";
			sourceTree = "<group>";
		};
		7711CE021A7E815C005851A0 /* WorldVisitorTests */ = {
			isa = PBXGroup;
			children = (
				7711CE051A7E815C005851A0 /* WorldVisitorTests.swift */,
				7711CE031A7E815C005851A0 /* Supporting Files */,
			);
			path = WorldVisitorTests;
			sourceTree = "<group>";
		};
		7711CE031A7E815C005851A0 /* Supporting Files */ = {
			isa = PBXGroup;
			children = (
				7711CE041A7E815C005851A0 /* Info.plist */,
			);
			name = "Supporting Files";
			sourceTree = "<group>";
		};
		77AE9CC01A86F50D00D2AC2F /* images */ = {
			isa = PBXGroup;
			children = (
				77AE9CC31A86FB2500D2AC2F /* dice1.png */,
				77AE9CC41A86FB2500D2AC2F /* dice2.png */,
				77AE9CC51A86FB2500D2AC2F /* dice3.png */,
				77AE9CC61A86FB2500D2AC2F /* dice4.png */,
				77AE9CC71A86FB2500D2AC2F /* dice5.png */,
				77AE9CC81A86FB2500D2AC2F /* dice6.png */,
				77AE9CC11A86F62B00D2AC2F /* worldmap.jpg */,
			);
			name = images;
			sourceTree = "<group>";
		};
/* End PBXGroup section */

/* Begin PBXNativeTarget section */
		7711CDE91A7E815C005851A0 /* WorldVisitor */ = {
			isa = PBXNativeTarget;
			buildConfigurationList = 7711CE091A7E815C005851A0 /* Build configuration list for PBXNativeTarget "WorldVisitor" */;
			buildPhases = (
				7711CDE61A7E815C005851A0 /* Sources */,
				7711CDE71A7E815C005851A0 /* Frameworks */,
				7711CDE81A7E815C005851A0 /* Resources */,
			);
			buildRules = (
			);
			dependencies = (
			);
			name = WorldVisitor;
			productName = WorldVisitor;
			productReference = 7711CDEA1A7E815C005851A0 /* WorldVisitor.app */;
			productType = "com.apple.product-type.application";
		};
		7711CDFE1A7E815C005851A0 /* WorldVisitorTests */ = {
			isa = PBXNativeTarget;
			buildConfigurationList = 7711CE0C1A7E815C005851A0 /* Build configuration list for PBXNativeTarget "WorldVisitorTests" */;
			buildPhases = (
				7711CDFB1A7E815C005851A0 /* Sources */,
				7711CDFC1A7E815C005851A0 /* Frameworks */,
				7711CDFD1A7E815C005851A0 /* Resources */,
			);
			buildRules = (
			);
			dependencies = (
				7711CE011A7E815C005851A0 /* PBXTargetDependency */,
			);
			name = WorldVisitorTests;
			productName = WorldVisitorTests;
			productReference = 7711CDFF1A7E815C005851A0 /* WorldVisitorTests.xctest */;
			productType = "com.apple.product-type.bundle.unit-test";
		};
/* End PBXNativeTarget section */

/* Begin PBXProject section */
		7711CDE21A7E815C005851A0 /* Project object */ = {
			isa = PBXProject;
			attributes = {
				LastUpgradeCheck = 0610;
				ORGANIZATIONNAME = "Better Things";
				TargetAttributes = {
					7711CDE91A7E815C005851A0 = {
						CreatedOnToolsVersion = 6.1.1;
					};
					7711CDFE1A7E815C005851A0 = {
						CreatedOnToolsVersion = 6.1.1;
						TestTargetID = 7711CDE91A7E815C005851A0;
					};
				};
			};
			buildConfigurationList = 7711CDE51A7E815C005851A0 /* Build configuration list for PBXProject "WorldVisitor" */;
			compatibilityVersion = "Xcode 3.2";
			developmentRegion = English;
			hasScannedForEncodings = 0;
			knownRegions = (
				en,
				Base,
			);
			mainGroup = 7711CDE11A7E815C005851A0;
			productRefGroup = 7711CDEB1A7E815C005851A0 /* Products */;
			projectDirPath = "";
			projectRoot = "";
			targets = (
				7711CDE91A7E815C005851A0 /* WorldVisitor */,
				7711CDFE1A7E815C005851A0 /* WorldVisitorTests */,
			);
		};
/* End PBXProject section */

/* Begin PBXResourcesBuildPhase section */
		7711CDE81A7E815C005851A0 /* Resources */ = {
			isa = PBXResourcesBuildPhase;
			buildActionMask = 2147483647;
			files = (
				7711CDF51A7E815C005851A0 /* Main.storyboard in Resources */,
				77AE9CCA1A86FB2500D2AC2F /* dice2.png in Resources */,
				77AE9CCB1A86FB2500D2AC2F /* dice3.png in Resources */,
				77AE9CC21A86F62B00D2AC2F /* worldmap.jpg in Resources */,
				7711CDFA1A7E815C005851A0 /* LaunchScreen.xib in Resources */,
				77AE9CCC1A86FB2500D2AC2F /* dice4.png in Resources */,
				7711CDF71A7E815C005851A0 /* Images.xcassets in Resources */,
				77AE9CCD1A86FB2500D2AC2F /* dice5.png in Resources */,
				77AE9CC91A86FB2500D2AC2F /* dice1.png in Resources */,
				77AE9CCE1A86FB2500D2AC2F /* dice6.png in Resources */,
			);
			runOnlyForDeploymentPostprocessing = 0;
		};
		7711CDFD1A7E815C005851A0 /* Resources */ = {
			isa = PBXResourcesBuildPhase;
			buildActionMask = 2147483647;
			files = (
			);
			runOnlyForDeploymentPostprocessing = 0;
		};
/* End PBXResourcesBuildPhase section */

/* Begin PBXSourcesBuildPhase section */
		7711CDE61A7E815C005851A0 /* Sources */ = {
			isa = PBXSourcesBuildPhase;
			buildActionMask = 2147483647;
			files = (
				7711CDF21A7E815C005851A0 /* ViewController.swift in Sources */,
				7711CDF01A7E815C005851A0 /* AppDelegate.swift in Sources */,
			);
			runOnlyForDeploymentPostprocessing = 0;
		};
		7711CDFB1A7E815C005851A0 /* Sources */ = {
			isa = PBXSourcesBuildPhase;
			buildActionMask = 2147483647;
			files = (
				7711CE061A7E815C005851A0 /* WorldVisitorTests.swift in Sources */,
			);
			runOnlyForDeploymentPostprocessing = 0;
		};
/* End PBXSourcesBuildPhase section */

/* Begin PBXTargetDependency section */
		7711CE011A7E815C005851A0 /* PBXTargetDependency */ = {
			isa = PBXTargetDependency;
			target = 7711CDE91A7E815C005851A0 /* WorldVisitor */;
			targetProxy = 7711CE001A7E815C005851A0 /* PBXContainerItemProxy */;
		};
/* End PBXTargetDependency section */

/* Begin PBXVariantGroup section */
		7711CDF31A7E815C005851A0 /* Main.storyboard */ = {
			isa = PBXVariantGroup;
			children = (
				7711CDF41A7E815C005851A0 /* Base */,
			);
			name = Main.storyboard;
			sourceTree = "<group>";
		};
		7711CDF81A7E815C005851A0 /* LaunchScreen.xib */ = {
			isa = PBXVariantGroup;
			children = (
				7711CDF91A7E815C005851A0 /* Base */,
			);
			name = LaunchScreen.xib;
			sourceTree = "<group>";
		};
/* End PBXVariantGroup section */

/* Begin XCBuildConfiguration section */
		7711CE071A7E815C005851A0 /* Debug */ = {
			isa = XCBuildConfiguration;
			buildSettings = {
				ALWAYS_SEARCH_USER_PATHS = NO;
				CLANG_CXX_LANGUAGE_STANDARD = "gnu++0x";
				CLANG_CXX_LIBRARY = "libc++";
				CLANG_ENABLE_MODULES = YES;
				CLANG_ENABLE_OBJC_ARC = YES;
				CLANG_WARN_BOOL_CONVERSION = YES;
				CLANG_WARN_CONSTANT_CONVERSION = YES;
				CLANG_WARN_DIRECT_OBJC_ISA_USAGE = YES_ERROR;
				CLANG_WARN_EMPTY_BODY = YES;
				CLANG_WARN_ENUM_CONVERSION = YES;
				CLANG_WARN_INT_CONVERSION = YES;
				CLANG_WARN_OBJC_ROOT_CLASS = YES_ERROR;
				CLANG_WARN_UNREACHABLE_CODE = YES;
				CLANG_WARN__DUPLICATE_METHOD_MATCH = YES;
				"CODE_SIGN_IDENTITY[sdk=iphoneos*]" = "iPhone Developer";
				COPY_PHASE_STRIP = NO;
				ENABLE_STRICT_OBJC_MSGSEND = YES;
				GCC_C_LANGUAGE_STANDARD = gnu99;
				GCC_DYNAMIC_NO_PIC = NO;
				GCC_OPTIMIZATION_LEVEL = 0;
				GCC_PREPROCESSOR_DEFINITIONS = (
					"DEBUG=1",
					"$(inherited)",
				);
				GCC_SYMBOLS_PRIVATE_EXTERN = NO;
				GCC_WARN_64_TO_32_BIT_CONVERSION = YES;
				GCC_WARN_ABOUT_RETURN_TYPE = YES_ERROR;
				GCC_WARN_UNDECLARED_SELECTOR = YES;
				GCC_WARN_UNINITIALIZED_AUTOS = YES_AGGRESSIVE;
				GCC_WARN_UNUSED_FUNCTION = YES;
				GCC_WARN_UNUSED_VARIABLE = YES;
				IPHONEOS_DEPLOYMENT_TARGET = 8.1;
				MTL_ENABLE_DEBUG_INFO = YES;
				ONLY_ACTIVE_ARCH = YES;
				SDKROOT = iphoneos;
				SWIFT_OPTIMIZATION_LEVEL = "-Onone";
			};
			name = Debug;
		};
		7711CE081A7E815C005851A0 /* Release */ = {
			isa = XCBuildConfiguration;
			buildSettings = {
				ALWAYS_SEARCH_USER_PATHS = NO;
				CLANG_CXX_LANGUAGE_STANDARD = "gnu++0x";
				CLANG_CXX_LIBRARY = "libc++";
				CLANG_ENABLE_MODULES = YES;
				CLANG_ENABLE_OBJC_ARC = YES;
				CLANG_WARN_BOOL_CONVERSION = YES;
				CLANG_WARN_CONSTANT_CONVERSION = YES;
				CLANG_WARN_DIRECT_OBJC_ISA_USAGE = YES_ERROR;
				CLANG_WARN_EMPTY_BODY = YES;
				CLANG_WARN_ENUM_CONVERSION = YES;
				CLANG_WARN_INT_CONVERSION = YES;
				CLANG_WARN_OBJC_ROOT_CLASS = YES_ERROR;
				CLANG_WARN_UNREACHABLE_CODE = YES;
				CLANG_WARN__DUPLICATE_METHOD_MATCH = YES;
				"CODE_SIGN_IDENTITY[sdk=iphoneos*]" = "iPhone Developer";
				COPY_PHASE_STRIP = YES;
				ENABLE_NS_ASSERTIONS = NO;
				ENABLE_STRICT_OBJC_MSGSEND = YES;
				GCC_C_LANGUAGE_STANDARD = gnu99;
				GCC_WARN_64_TO_32_BIT_CONVERSION = YES;
				GCC_WARN_ABOUT_RETURN_TYPE = YES_ERROR;
				GCC_WARN_UNDECLARED_SELECTOR = YES;
				GCC_WARN_UNINITIALIZED_AUTOS = YES_AGGRESSIVE;
				GCC_WARN_UNUSED_FUNCTION = YES;
				GCC_WARN_UNUSED_VARIABLE = YES;
				IPHONEOS_DEPLOYMENT_TARGET = 8.1;
				MTL_ENABLE_DEBUG_INFO = NO;
				SDKROOT = iphoneos;
				VALIDATE_PRODUCT = YES;
			};
			name = Release;
		};
		7711CE0A1A7E815C005851A0 /* Debug */ = {
			isa = XCBuildConfiguration;
			buildSettings = {
				ASSETCATALOG_COMPILER_APPICON_NAME = AppIcon;
				CODE_SIGN_IDENTITY = "iPhone Developer";
				INFOPLIST_FILE = WorldVisitor/Info.plist;
				LD_RUNPATH_SEARCH_PATHS = "$(inherited) @executable_path/Frameworks";
				PRODUCT_NAME = "$(TARGET_NAME)";
			};
			name = Debug;
		};
		7711CE0B1A7E815C005851A0 /* Release */ = {
			isa = XCBuildConfiguration;
			buildSettings = {
				ASSETCATALOG_COMPILER_APPICON_NAME = AppIcon;
				CODE_SIGN_IDENTITY = "iPhone Developer";
				INFOPLIST_FILE = WorldVisitor/Info.plist;
				LD_RUNPATH_SEARCH_PATHS = "$(inherited) @executable_path/Frameworks";
				PRODUCT_NAME = "$(TARGET_NAME)";
			};
			name = Release;
		};
		7711CE0D1A7E815C005851A0 /* Debug */ = {
			isa = XCBuildConfiguration;
			buildSettings = {
				BUNDLE_LOADER = "$(TEST_HOST)";
				FRAMEWORK_SEARCH_PATHS = (
					"$(SDKROOT)/Developer/Library/Frameworks",
					"$(inherited)",
				);
				GCC_PREPROCESSOR_DEFINITIONS = (
					"DEBUG=1",
					"$(inherited)",
				);
				INFOPLIST_FILE = WorldVisitorTests/Info.plist;
				LD_RUNPATH_SEARCH_PATHS = "$(inherited) @executable_path/Frameworks @loader_path/Frameworks";
				PRODUCT_NAME = "$(TARGET_NAME)";
				TEST_HOST = "$(BUILT_PRODUCTS_DIR)/WorldVisitor.app/WorldVisitor";
			};
			name = Debug;
		};
		7711CE0E1A7E815C005851A0 /* Release */ = {
			isa = XCBuildConfiguration;
			buildSettings = {
				BUNDLE_LOADER = "$(TEST_HOST)";
				FRAMEWORK_SEARCH_PATHS = (
					"$(SDKROOT)/Developer/Library/Frameworks",
					"$(inherited)",
				);
				INFOPLIST_FILE = WorldVisitorTests/Info.plist;
				LD_RUNPATH_SEARCH_PATHS = "$(inherited) @executable_path/Frameworks @loader_path/Frameworks";
				PRODUCT_NAME = "$(TARGET_NAME)";
				TEST_HOST = "$(BUILT_PRODUCTS_DIR)/WorldVisitor.app/WorldVisitor";
			};
			name = Release;
		};
/* End XCBuildConfiguration section */

/* Begin XCConfigurationList section */
		7711CDE51A7E815C005851A0 /* Build configuration list for PBXProject "WorldVisitor" */ = {
			isa = XCConfigurationList;
			buildConfigurations = (
				7711CE071A7E815C005851A0 /* Debug */,
				7711CE081A7E815C005851A0 /* Release */,
			);
			defaultConfigurationIsVisible = 0;
			defaultConfigurationName = Release;
		};
		7711CE091A7E815C005851A0 /* Build configuration list for PBXNativeTarget "WorldVisitor" */ = {
			isa = XCConfigurationList;
			buildConfigurations = (
				7711CE0A1A7E815C005851A0 /* Debug */,
				7711CE0B1A7E815C005851A0 /* Release */,
			);
			defaultConfigurationIsVisible = 0;
			defaultConfigurationName = Release;
		};
		7711CE0C1A7E815C005851A0 /* Build configuration list for PBXNativeTarget "WorldVisitorTests" */ = {
			isa = XCConfigurationList;
			buildConfigurations = (
				7711CE0D1A7E815C005851A0 /* Debug */,
				7711CE0E1A7E815C005851A0 /* Release */,
			);
			defaultConfigurationIsVisible = 0;
			defaultConfigurationName = Release;
		};
/* End XCConfigurationList section */
	};
	rootObject = 7711CDE21A7E815C005851A0 /* Project object */;
}
